// !$*UTF8*$!
{
	archiveVersion = 1;
	classes = {
	};
	objectVersion = 50;
	objects = {

/* Begin PBXBuildFile section */
		2695AF96836F802C3AE6425B /* Pods_PodfileFireBaseDemo.framework in Frameworks */ = {isa = PBXBuildFile; fileRef = C70FC62E20A20B70217A6C25 /* Pods_PodfileFireBaseDemo.framework */; };
		84AA9AF222251BD500763929 /* Podfile.lock in Resources */ = {isa = PBXBuildFile; fileRef = 84AA9AF122251BD500763929 /* Podfile.lock */; };
		84EA77AA2224DE3E0001FFEB /* GoogleService-Info.plist in Resources */ = {isa = PBXBuildFile; fileRef = 84EA77A92224DE3E0001FFEB /* GoogleService-Info.plist */; };
		84FB288E22200B2B00CBD2B0 /* AppDelegate.swift in Sources */ = {isa = PBXBuildFile; fileRef = 84FB288D22200B2B00CBD2B0 /* AppDelegate.swift */; };
		84FB289022200B2B00CBD2B0 /* ViewController.swift in Sources */ = {isa = PBXBuildFile; fileRef = 84FB288F22200B2B00CBD2B0 /* ViewController.swift */; };
		84FB289322200B2B00CBD2B0 /* Main.storyboard in Resources */ = {isa = PBXBuildFile; fileRef = 84FB289122200B2B00CBD2B0 /* Main.storyboard */; };
		84FB289522200B2C00CBD2B0 /* Assets.xcassets in Resources */ = {isa = PBXBuildFile; fileRef = 84FB289422200B2C00CBD2B0 /* Assets.xcassets */; };
		84FB289822200B2C00CBD2B0 /* LaunchScreen.storyboard in Resources */ = {isa = PBXBuildFile; fileRef = 84FB289622200B2C00CBD2B0 /* LaunchScreen.storyboard */; };
/* End PBXBuildFile section */

/* Begin PBXFileReference section */
		28BB954AE29E94222E32D3FF /* Pods-PodfileFireBaseDemo.debug.xcconfig */ = {isa = PBXFileReference; includeInIndex = 1; lastKnownFileType = text.xcconfig; name = "Pods-PodfileFireBaseDemo.debug.xcconfig"; path = "Pods/Target Support Files/Pods-PodfileFireBaseDemo/Pods-PodfileFireBaseDemo.debug.xcconfig"; sourceTree = "<group>"; };
		3AD2BBAFAB6C09DD468A266F /* Pods-PodfileFireBaseDemo.release.xcconfig */ = {isa = PBXFileReference; includeInIndex = 1; lastKnownFileType = text.xcconfig; name = "Pods-PodfileFireBaseDemo.release.xcconfig"; path = "Pods/Target Support Files/Pods-PodfileFireBaseDemo/Pods-PodfileFireBaseDemo.release.xcconfig"; sourceTree = "<group>"; };
		84AA9AF122251BD500763929 /* Podfile.lock */ = {isa = PBXFileReference; fileEncoding = 4; lastKnownFileType = text; path = Podfile.lock; sourceTree = "<group>"; };
		84EA77A92224DE3E0001FFEB /* GoogleService-Info.plist */ = {isa = PBXFileReference; fileEncoding = 4; lastKnownFileType = text.plist.xml; path = "GoogleService-Info.plist"; sourceTree = "<group>"; };
		84FB288A22200B2B00CBD2B0 /* PodfileFireBaseDemo.app */ = {isa = PBXFileReference; explicitFileType = wrapper.application; includeInIndex = 0; path = PodfileFireBaseDemo.app; sourceTree = BUILT_PRODUCTS_DIR; };
		84FB288D22200B2B00CBD2B0 /* AppDelegate.swift */ = {isa = PBXFileReference; lastKnownFileType = sourcecode.swift; path = AppDelegate.swift; sourceTree = "<group>"; };
		84FB288F22200B2B00CBD2B0 /* ViewController.swift */ = {isa = PBXFileReference; lastKnownFileType = sourcecode.swift; path = ViewController.swift; sourceTree = "<group>"; };
		84FB289222200B2B00CBD2B0 /* Base */ = {isa = PBXFileReference; lastKnownFileType = file.storyboard; name = Base; path = Base.lproj/Main.storyboard; sourceTree = "<group>"; };
		84FB289422200B2C00CBD2B0 /* Assets.xcassets */ = {isa = PBXFileReference; lastKnownFileType = folder.assetcatalog; path = Assets.xcassets; sourceTree = "<group>"; };
		84FB289722200B2C00CBD2B0 /* Base */ = {isa = PBXFileReference; lastKnownFileType = file.storyboard; name = Base; path = Base.lproj/LaunchScreen.storyboard; sourceTree = "<group>"; };
		84FB289922200B2D00CBD2B0 /* Info.plist */ = {isa = PBXFileReference; lastKnownFileType = text.plist.xml; path = Info.plist; sourceTree = "<group>"; };
		C70FC62E20A20B70217A6C25 /* Pods_PodfileFireBaseDemo.framework */ = {isa = PBXFileReference; explicitFileType = wrapper.framework; includeInIndex = 0; path = Pods_PodfileFireBaseDemo.framework; sourceTree = BUILT_PRODUCTS_DIR; };
/* End PBXFileReference section */

/* Begin PBXFrameworksBuildPhase section */
		84FB288722200B2B00CBD2B0 /* Frameworks */ = {
			isa = PBXFrameworksBuildPhase;
			buildActionMask = 2147483647;
			files = (
				2695AF96836F802C3AE6425B /* Pods_PodfileFireBaseDemo.framework in Frameworks */,
			);
			runOnlyForDeploymentPostprocessing = 0;
		};
/* End PBXFrameworksBuildPhase section */

/* Begin PBXGroup section */
		36117BCA617552CF1F3F11F1 /* Pods */ = {
			isa = PBXGroup;
			children = (
				28BB954AE29E94222E32D3FF /* Pods-PodfileFireBaseDemo.debug.xcconfig */,
				3AD2BBAFAB6C09DD468A266F /* Pods-PodfileFireBaseDemo.release.xcconfig */,
			);
			name = Pods;
			sourceTree = "<group>";
		};
		84FB288122200B2B00CBD2B0 = {
			isa = PBXGroup;
			children = (
				84AA9AF122251BD500763929 /* Podfile.lock */,
				84FB288C22200B2B00CBD2B0 /* PodfileFireBaseDemo */,
				84FB288B22200B2B00CBD2B0 /* Products */,
				36117BCA617552CF1F3F11F1 /* Pods */,
				CD5A5B2B81B8469023A23EFE /* Frameworks */,
			);
			sourceTree = "<group>";
		};
		84FB288B22200B2B00CBD2B0 /* Products */ = {
			isa = PBXGroup;
			children = (
				84FB288A22200B2B00CBD2B0 /* PodfileFireBaseDemo.app */,
			);
			name = Products;
			sourceTree = "<group>";
		};
		84FB288C22200B2B00CBD2B0 /* PodfileFireBaseDemo */ = {
			isa = PBXGroup;
			children = (
				84FB288D22200B2B00CBD2B0 /* AppDelegate.swift */,
				84FB288F22200B2B00CBD2B0 /* ViewController.swift */,
				84FB289122200B2B00CBD2B0 /* Main.storyboard */,
				84FB289422200B2C00CBD2B0 /* Assets.xcassets */,
				84FB289622200B2C00CBD2B0 /* LaunchScreen.storyboard */,
				84FB289922200B2D00CBD2B0 /* Info.plist */,
				84EA77A92224DE3E0001FFEB /* GoogleService-Info.plist */,
			);
			path = PodfileFireBaseDemo;
			sourceTree = "<group>";
		};
		CD5A5B2B81B8469023A23EFE /* Frameworks */ = {
			isa = PBXGroup;
			children = (
				C70FC62E20A20B70217A6C25 /* Pods_PodfileFireBaseDemo.framework */,
			);
			name = Frameworks;
			sourceTree = "<group>";
		};
/* End PBXGroup section */

/* Begin PBXNativeTarget section */
		84FB288922200B2B00CBD2B0 /* PodfileFireBaseDemo */ = {
			isa = PBXNativeTarget;
			buildConfigurationList = 84FB289C22200B2D00CBD2B0 /* Build configuration list for PBXNativeTarget "PodfileFireBaseDemo" */;
			buildPhases = (
				561100F9E2AD00B264A3C9DB /* [CP] Check Pods Manifest.lock */,
				84FB288622200B2B00CBD2B0 /* Sources */,
				84FB288722200B2B00CBD2B0 /* Frameworks */,
				84FB288822200B2B00CBD2B0 /* Resources */,
				331368536BEF03A5D3EC3B11 /* [CP] Embed Pods Frameworks */,
			);
			buildRules = (
			);
			dependencies = (
			);
			name = PodfileFireBaseDemo;
			productName = PodfileFireBaseDemo;
			productReference = 84FB288A22200B2B00CBD2B0 /* PodfileFireBaseDemo.app */;
			productType = "com.apple.product-type.application";
		};
/* End PBXNativeTarget section */

/* Begin PBXProject section */
		84FB288222200B2B00CBD2B0 /* Project object */ = {
			isa = PBXProject;
			attributes = {
				LastSwiftUpdateCheck = 0940;
				LastUpgradeCheck = 0940;
				ORGANIZATIONNAME = admin;
				TargetAttributes = {
					84FB288922200B2B00CBD2B0 = {
						CreatedOnToolsVersion = 9.4.1;
					};
				};
			};
			buildConfigurationList = 84FB288522200B2B00CBD2B0 /* Build configuration list for PBXProject "PodfileFireBaseDemo" */;
			compatibilityVersion = "Xcode 9.3";
			developmentRegion = en;
			hasScannedForEncodings = 0;
			knownRegions = (
				en,
				Base,
			);
			mainGroup = 84FB288122200B2B00CBD2B0;
			productRefGroup = 84FB288B22200B2B00CBD2B0 /* Products */;
			projectDirPath = "";
			projectRoot = "";
			targets = (
				84FB288922200B2B00CBD2B0 /* PodfileFireBaseDemo */,
			);
		};
/* End PBXProject section */

/* Begin PBXResourcesBuildPhase section */
		84FB288822200B2B00CBD2B0 /* Resources */ = {
			isa = PBXResourcesBuildPhase;
			buildActionMask = 2147483647;
			files = (
				84FB289822200B2C00CBD2B0 /* LaunchScreen.storyboard in Resources */,
				84FB289522200B2C00CBD2B0 /* Assets.xcassets in Resources */,
				84AA9AF222251BD500763929 /* Podfile.lock in Resources */,
				84FB289322200B2B00CBD2B0 /* Main.storyboard in Resources */,
				84EA77AA2224DE3E0001FFEB /* GoogleService-Info.plist in Resources */,
			);
			runOnlyForDeploymentPostprocessing = 0;
		};
/* End PBXResourcesBuildPhase section */

/* Begin PBXShellScriptBuildPhase section */
		331368536BEF03A5D3EC3B11 /* [CP] Embed Pods Frameworks */ = {
			isa = PBXShellScriptBuildPhase;
			buildActionMask = 2147483647;
			files = (
			);
			inputPaths = (
				"${SRCROOT}/Pods/Target Support Files/Pods-PodfileFireBaseDemo/Pods-PodfileFireBaseDemo-frameworks.sh",
				"${BUILT_PRODUCTS_DIR}/GoogleUtilities/GoogleUtilities.framework",
				"${BUILT_PRODUCTS_DIR}/nanopb/nanopb.framework",
			);
			name = "[CP] Embed Pods Frameworks";
			outputPaths = (
				"${TARGET_BUILD_DIR}/${FRAMEWORKS_FOLDER_PATH}/GoogleUtilities.framework",
				"${TARGET_BUILD_DIR}/${FRAMEWORKS_FOLDER_PATH}/nanopb.framework",
			);
			runOnlyForDeploymentPostprocessing = 0;
			shellPath = /bin/sh;
			shellScript = "\"${SRCROOT}/Pods/Target Support Files/Pods-PodfileFireBaseDemo/Pods-PodfileFireBaseDemo-frameworks.sh\"\n";
			showEnvVarsInLog = 0;
		};
		561100F9E2AD00B264A3C9DB /* [CP] Check Pods Manifest.lock */ = {
			isa = PBXShellScriptBuildPhase;
			buildActionMask = 2147483647;
			files = (
			);
			inputPaths = (
				"${PODS_PODFILE_DIR_PATH}/Podfile.lock",
				"${PODS_ROOT}/Manifest.lock",
			);
			name = "[CP] Check Pods Manifest.lock";
			outputPaths = (
				"$(DERIVED_FILE_DIR)/Pods-PodfileFireBaseDemo-checkManifestLockResult.txt",
			);
			runOnlyForDeploymentPostprocessing = 0;
			shellPath = /bin/sh;
			shellScript = "diff \"${PODS_PODFILE_DIR_PATH}/Podfile.lock\" \"${PODS_ROOT}/Manifest.lock\" > /dev/null\nif [ $? != 0 ] ; then\n    # print error to STDERR\n    echo \"error: The sandbox is not in sync with the Podfile.lock. Run 'pod install' or update your CocoaPods installation.\" >&2\n    exit 1\nfi\n# This output is used by Xcode 'outputs' to avoid re-running this script phase.\necho \"SUCCESS\" > \"${SCRIPT_OUTPUT_FILE_0}\"\n";
			showEnvVarsInLog = 0;
		};
/* End PBXShellScriptBuildPhase section */

/* Begin PBXSourcesBuildPhase section */
		84FB288622200B2B00CBD2B0 /* Sources */ = {
			isa = PBXSourcesBuildPhase;
			buildActionMask = 2147483647;
			files = (
				84FB289022200B2B00CBD2B0 /* ViewController.swift in Sources */,
				84FB288E22200B2B00CBD2B0 /* AppDelegate.swift in Sources */,
			);
			runOnlyForDeploymentPostprocessing = 0;
		};
/* End PBXSourcesBuildPhase section */

/* Begin PBXVariantGroup section */
		84FB289122200B2B00CBD2B0 /* Main.storyboard */ = {
			isa = PBXVariantGroup;
			children = (
				84FB289222200B2B00CBD2B0 /* Base */,
			);
			name = Main.storyboard;
			sourceTree = "<group>";
		};
		84FB289622200B2C00CBD2B0 /* LaunchScreen.storyboard */ = {
			isa = PBXVariantGroup;
			children = (
				84FB289722200B2C00CBD2B0 /* Base */,
			);
			name = LaunchScreen.storyboard;
			sourceTree = "<group>";
		};
/* End PBXVariantGroup section */

/* Begin XCBuildConfiguration section */
		84FB289A22200B2D00CBD2B0 /* Debug */ = {
			isa = XCBuildConfiguration;
			buildSettings = {
				ALWAYS_SEARCH_USER_PATHS = NO;
				CLANG_ANALYZER_NONNULL = YES;
				CLANG_ANALYZER_NUMBER_OBJECT_CONVERSION = YES_AGGRESSIVE;
				CLANG_CXX_LANGUAGE_STANDARD = "gnu++14";
				CLANG_CXX_LIBRARY = "libc++";
				CLANG_ENABLE_MODULES = YES;
				CLANG_ENABLE_OBJC_ARC = YES;
				CLANG_ENABLE_OBJC_WEAK = YES;
				CLANG_WARN_BLOCK_CAPTURE_AUTORELEASING = YES;
				CLANG_WARN_BOOL_CONVERSION = YES;
				CLANG_WARN_COMMA = YES;
				CLANG_WARN_CONSTANT_CONVERSION = YES;
				CLANG_WARN_DEPRECATED_OBJC_IMPLEMENTATIONS = YES;
				CLANG_WARN_DIRECT_OBJC_ISA_USAGE = YES_ERROR;
				CLANG_WARN_DOCUMENTATION_COMMENTS = YES;
				CLANG_WARN_EMPTY_BODY = YES;
				CLANG_WARN_ENUM_CONVERSION = YES;
				CLANG_WARN_INFINITE_RECURSION = YES;
				CLANG_WARN_INT_CONVERSION = YES;
				CLANG_WARN_NON_LITERAL_NULL_CONVERSION = YES;
				CLANG_WARN_OBJC_IMPLICIT_RETAIN_SELF = YES;
				CLANG_WARN_OBJC_LITERAL_CONVERSION = YES;
				CLANG_WARN_OBJC_ROOT_CLASS = YES_ERROR;
				CLANG_WARN_RANGE_LOOP_ANALYSIS = YES;
				CLANG_WARN_STRICT_PROTOTYPES = YES;
				CLANG_WARN_SUSPICIOUS_MOVE = YES;
				CLANG_WARN_UNGUARDED_AVAILABILITY = YES_AGGRESSIVE;
				CLANG_WARN_UNREACHABLE_CODE = YES;
				CLANG_WARN__DUPLICATE_METHOD_MATCH = YES;
				CODE_SIGN_IDENTITY = "iPhone Developer";
				COPY_PHASE_STRIP = NO;
				DEBUG_INFORMATION_FORMAT = dwarf;
				ENABLE_STRICT_OBJC_MSGSEND = YES;
				ENABLE_TESTABILITY = YES;
				GCC_C_LANGUAGE_STANDARD = gnu11;
				GCC_DYNAMIC_NO_PIC = NO;
				GCC_NO_COMMON_BLOCKS = YES;
				GCC_OPTIMIZATION_LEVEL = 0;
				GCC_PREPROCESSOR_DEFINITIONS = (
					"DEBUG=1",
					"$(inherited)",
				);
				GCC_WARN_64_TO_32_BIT_CONVERSION = YES;
				GCC_WARN_ABOUT_RETURN_TYPE = YES_ERROR;
				GCC_WARN_UNDECLARED_SELECTOR = YES;
				GCC_WARN_UNINITIALIZED_AUTOS = YES_AGGRESSIVE;
				GCC_WARN_UNUSED_FUNCTION = YES;
				GCC_WARN_UNUSED_VARIABLE = YES;
				IPHONEOS_DEPLOYMENT_TARGET = 11.4;
				MTL_ENABLE_DEBUG_INFO = YES;
				ONLY_ACTIVE_ARCH = YES;
				SDKROOT = iphoneos;
				SWIFT_ACTIVE_COMPILATION_CONDITIONS = DEBUG;
				SWIFT_OPTIMIZATION_LEVEL = "-Onone";
			};
			name = Debug;
		};
		84FB289B22200B2D00CBD2B0 /* Release */ = {
			isa = XCBuildConfiguration;
			buildSettings = {
				ALWAYS_SEARCH_USER_PATHS = NO;
				CLANG_ANALYZER_NONNULL = YES;
				CLANG_ANALYZER_NUMBER_OBJECT_CONVERSION = YES_AGGRESSIVE;
				CLANG_CXX_LANGUAGE_STANDARD = "gnu++14";
				CLANG_CXX_LIBRARY = "libc++";
				CLANG_ENABLE_MODULES = YES;
				CLANG_ENABLE_OBJC_ARC = YES;
				CLANG_ENABLE_OBJC_WEAK = YES;
				CLANG_WARN_BLOCK_CAPTURE_AUTORELEASING = YES;
				CLANG_WARN_BOOL_CONVERSION = YES;
				CLANG_WARN_COMMA = YES;
				CLANG_WARN_CONSTANT_CONVERSION = YES;
				CLANG_WARN_DEPRECATED_OBJC_IMPLEMENTATIONS = YES;
				CLANG_WARN_DIRECT_OBJC_ISA_USAGE = YES_ERROR;
				CLANG_WARN_DOCUMENTATION_COMMENTS = YES;
				CLANG_WARN_EMPTY_BODY = YES;
				CLANG_WARN_ENUM_CONVERSION = YES;
				CLANG_WARN_INFINITE_RECURSION = YES;
				CLANG_WARN_INT_CONVERSION = YES;
				CLANG_WARN_NON_LITERAL_NULL_CONVERSION = YES;
				CLANG_WARN_OBJC_IMPLICIT_RETAIN_SELF = YES;
				CLANG_WARN_OBJC_LITERAL_CONVERSION = YES;
				CLANG_WARN_OBJC_ROOT_CLASS = YES_ERROR;
				CLANG_WARN_RANGE_LOOP_ANALYSIS = YES;
				CLANG_WARN_STRICT_PROTOTYPES = YES;
				CLANG_WARN_SUSPICIOUS_MOVE = YES;
				CLANG_WARN_UNGUARDED_AVAILABILITY = YES_AGGRESSIVE;
				CLANG_WARN_UNREACHABLE_CODE = YES;
				CLANG_WARN__DUPLICATE_METHOD_MATCH = YES;
				CODE_SIGN_IDENTITY = "iPhone Developer";
				COPY_PHASE_STRIP = NO;
				DEBUG_INFORMATION_FORMAT = "dwarf-with-dsym";
				ENABLE_NS_ASSERTIONS = NO;
				ENABLE_STRICT_OBJC_MSGSEND = YES;
				GCC_C_LANGUAGE_STANDARD = gnu11;
				GCC_NO_COMMON_BLOCKS = YES;
				GCC_WARN_64_TO_32_BIT_CONVERSION = YES;
				GCC_WARN_ABOUT_RETURN_TYPE = YES_ERROR;
				GCC_WARN_UNDECLARED_SELECTOR = YES;
				GCC_WARN_UNINITIALIZED_AUTOS = YES_AGGRESSIVE;
				GCC_WARN_UNUSED_FUNCTION = YES;
				GCC_WARN_UNUSED_VARIABLE = YES;
				IPHONEOS_DEPLOYMENT_TARGET = 11.4;
				MTL_ENABLE_DEBUG_INFO = NO;
				SDKROOT = iphoneos;
				SWIFT_COMPILATION_MODE = wholemodule;
				SWIFT_OPTIMIZATION_LEVEL = "-O";
				VALIDATE_PRODUCT = YES;
			};
			name = Release;
		};
		84FB289D22200B2D00CBD2B0 /* Debug */ = {
			isa = XCBuildConfiguration;
			baseConfigurationReference = 28BB954AE29E94222E32D3FF /* Pods-PodfileFireBaseDemo.debug.xcconfig */;
			buildSettings = {
				ASSETCATALOG_COMPILER_APPICON_NAME = AppIcon;
				CODE_SIGN_STYLE = Automatic;
				INFOPLIST_FILE = PodfileFireBaseDemo/Info.plist;
				LD_RUNPATH_SEARCH_PATHS = (
					"$(inherited)",
					"@executable_path/Frameworks",
				);
				PRODUCT_BUNDLE_IDENTIFIER = com.hongchinh.PodfileFireBaseDemo;
				PRODUCT_NAME = "$(TARGET_NAME)";
				SWIFT_VERSION = 4.0;
				TARGETED_DEVICE_FAMILY = "1,2";
			};
			name = Debug;
		};
		84FB289E22200B2D00CBD2B0 /* Release */ = {
			isa = XCBuildConfiguration;
			baseConfigurationReference = 3AD2BBAFAB6C09DD468A266F /* Pods-PodfileFireBaseDemo.release.xcconfig */;
			buildSettings = {
				ASSETCATALOG_COMPILER_APPICON_NAME = AppIcon;
				CODE_SIGN_STYLE = Automatic;
				INFOPLIST_FILE = PodfileFireBaseDemo/Info.plist;
				LD_RUNPATH_SEARCH_PATHS = (
					"$(inherited)",
					"@executable_path/Frameworks",
				);
				PRODUCT_BUNDLE_IDENTIFIER = com.hongchinh.PodfileFireBaseDemo;
				PRODUCT_NAME = "$(TARGET_NAME)";
				SWIFT_VERSION = 4.0;
				TARGETED_DEVICE_FAMILY = "1,2";
			};
			name = Release;
		};
/* End XCBuildConfiguration section */

/* Begin XCConfigurationList section */
		84FB288522200B2B00CBD2B0 /* Build configuration list for PBXProject "PodfileFireBaseDemo" */ = {
			isa = XCConfigurationList;
			buildConfigurations = (
				84FB289A22200B2D00CBD2B0 /* Debug */,
				84FB289B22200B2D00CBD2B0 /* Release */,
			);
			defaultConfigurationIsVisible = 0;
			defaultConfigurationName = Release;
		};
		84FB289C22200B2D00CBD2B0 /* Build configuration list for PBXNativeTarget "PodfileFireBaseDemo" */ = {
			isa = XCConfigurationList;
			buildConfigurations = (
				84FB289D22200B2D00CBD2B0 /* Debug */,
				84FB289E22200B2D00CBD2B0 /* Release */,
			);
			defaultConfigurationIsVisible = 0;
			defaultConfigurationName = Release;
		};
/* End XCConfigurationList section */
	};
	rootObject = 84FB288222200B2B00CBD2B0 /* Project object */;
}
